<?xml version="1.0" encoding="utf-8"?>
<Project ToolsVersion="4.0" xmlns="http://schemas.microsoft.com/developer/msbuild/2003">
  <ItemGroup>
    <Filter Include="Source Files">
      <UniqueIdentifier>{4FC737F1-C7A5-4376-A066-2A32D752A2FF}</UniqueIdentifier>
      <Extensions>cpp;c;cc;cxx;def;odl;idl;hpj;bat;asm;asmx</Extensions>
    </Filter>
    <Filter Include="Header Files">
      <UniqueIdentifier>{93995380-89BD-4b04-88EB-625FBE52EBFB}</UniqueIdentifier>
      <Extensions>h;hh;hpp;hxx;hm;inl;inc;ipp;xsd</Extensions>
    </Filter>
    <Filter Include="Resource Files">
      <UniqueIdentifier>{67DA6AB6-F800-4c08-8B7A-83BB121AAD01}</UniqueIdentifier>
      <Extensions>rc;ico;cur;bmp;dlg;rc2;rct;bin;rgs;gif;jpg;jpeg;jpe;resx;tiff;tif;png;wav;mfcribbon-ms</Extensions>
    </Filter>
    <Filter Include="Header Files\Setup">
      <UniqueIdentifier>{2b8b9dfd-ca3d-495e-a1df-044be64dbd30}</UniqueIdentifier>
    </Filter>
    <Filter Include="Source Files\Render">
      <UniqueIdentifier>{1b6d198b-0e16-4a8a-827e-dedb9d94c6f9}</UniqueIdentifier>
    </Filter>
    <Filter Include="Header Files\Render">
      <UniqueIdentifier>{f25c34c1-be7d-40be-ad0b-dab72ca089ef}</UniqueIdentifier>
    </Filter>
    <Filter Include="Source Files\Setup">
      <UniqueIdentifier>{4db20ebb-5861-4575-9860-2732321da743}</UniqueIdentifier>
    </Filter>
    <Filter Include="Source Files\Render\Shader Files">
      <UniqueIdentifier>{c920fd4a-6fa0-416e-bf87-05e5563c726a}</UniqueIdentifier>
    </Filter>
    <Filter Include="Header Files\Config">
      <UniqueIdentifier>{8d989414-a221-4c77-9895-08a2fdbf2e7f}</UniqueIdentifier>
    </Filter>
    <Filter Include="Source Files\Config">
      <UniqueIdentifier>{aa92636f-d254-400e-806c-3b8095cdf05a}</UniqueIdentifier>
    </Filter>
  </ItemGroup>
  <ItemGroup>
    <ClCompile Include="main.cpp">
      <Filter>Source Files</Filter>
    </ClCompile>
    <ClCompile Include="Camera.cpp">
      <Filter>Source Files\Render</Filter>
    </ClCompile>
    <ClCompile Include="Model.cpp">
      <Filter>Source Files\Render</Filter>
    </ClCompile>
    <ClCompile Include="Shader.cpp">
      <Filter>Source Files\Render</Filter>
    </ClCompile>
    <ClCompile Include="Scene.cpp">
      <Filter>Source Files\Render</Filter>
    </ClCompile>
    <ClCompile Include="Render.cpp">
      <Filter>Source Files\Render</Filter>
    </ClCompile>
    <ClCompile Include="glad.c">
      <Filter>Source Files\Setup</Filter>
    </ClCompile>
    <ClCompile Include="Setup.cpp">
      <Filter>Source Files\Setup</Filter>
    </ClCompile>
  </ItemGroup>
  <ItemGroup>
    <ClInclude Include="Camera.h">
      <Filter>Header Files\Render</Filter>
    </ClInclude>
    <ClInclude Include="Model.h">
      <Filter>Header Files\Render</Filter>
    </ClInclude>
    <ClInclude Include="Scene.h">
      <Filter>Header Files\Render</Filter>
    </ClInclude>
    <ClInclude Include="Shader.h">
      <Filter>Header Files\Render</Filter>
    </ClInclude>
    <ClInclude Include="Render.h">
      <Filter>Header Files\Render</Filter>
    </ClInclude>
    <ClInclude Include="Setup.h">
      <Filter>Header Files\Setup</Filter>
    </ClInclude>
    <ClInclude Include="openglstarterpack.h">
      <Filter>Header Files\Setup</Filter>
    </ClInclude>
    <ClInclude Include="PointLight.h">
      <Filter>Header Files\Render</Filter>
    </ClInclude>
  </ItemGroup>
  <ItemGroup>
    <None Include="fragment.shader">
      <Filter>Source Files\Render\Shader Files</Filter>
    </None>
    <None Include="vertex.shader">
      <Filter>Source Files\Render\Shader Files</Filter>
    </None>
  </ItemGroup>
</Project>